
Microsoft Visual Studio Solution File, Format Version 12.00
# Visual Studio Version 16
VisualStudioVersion = 16.0.29806.167
MinimumVisualStudioVersion = 10.0.40219.1
Project("{9A19103F-16F7-4668-BE54-9A1E7A4F7556}") = "Persistence", "Persistence\Persistence.csproj", "{BB480818-0AC9-48C1-B850-656A3BEB3027}"
EndProject
Project("{9A19103F-16F7-4668-BE54-9A1E7A4F7556}") = "Domain", "Domain\Domain.csproj", "{E1C2E8DC-F210-40D5-B5C7-DBDB04EE3D31}"
EndProject
Project("{9A19103F-16F7-4668-BE54-9A1E7A4F7556}") = "Application", "Application\Application.csproj", "{E22A7794-CD09-4D23-8257-5C7C2698718D}"
EndProject
Project("{9A19103F-16F7-4668-BE54-9A1E7A4F7556}") = "API", "API\API.csproj", "{988BF9AE-6781-414E-BB8C-68B6DC1C1044}"
EndProject
Project("{E24C65DC-7377-472B-9ABA-BC803B73C61A}") = "client-app", "client-app\", "{86A8E0AE-8EA9-45EA-BB9A-36E04D072155}"
	ProjectSection(WebsiteProperties) = preProject
		TargetFrameworkMoniker = ".NETFramework,Version%3Dv4.0"
		Debug.AspNetCompiler.VirtualPath = "/localhost_65273"
		Debug.AspNetCompiler.PhysicalPath = "client-app\"
		Debug.AspNetCompiler.TargetPath = "PrecompiledWeb\localhost_65273\"
		Debug.AspNetCompiler.Updateable = "true"
		Debug.AspNetCompiler.ForceOverwrite = "true"
		Debug.AspNetCompiler.FixedNames = "false"
		Debug.AspNetCompiler.Debug = "True"
		Release.AspNetCompiler.VirtualPath = "/localhost_65273"
		Release.AspNetCompiler.PhysicalPath = "client-app\"
		Release.AspNetCompiler.TargetPath = "PrecompiledWeb\localhost_65273\"
		Release.AspNetCompiler.Updateable = "true"
		Release.AspNetCompiler.ForceOverwrite = "true"
		Release.AspNetCompiler.FixedNames = "false"
		Release.AspNetCompiler.Debug = "False"
		VWDPort = "65273"
		SlnRelativePath = "client-app\"
	EndProjectSection
EndProject
Global
	GlobalSection(SolutionConfigurationPlatforms) = preSolution
		Debug|Any CPU = Debug|Any CPU
		Release|Any CPU = Release|Any CPU
	EndGlobalSection
	GlobalSection(ProjectConfigurationPlatforms) = postSolution
		{BB480818-0AC9-48C1-B850-656A3BEB3027}.Debug|Any CPU.ActiveCfg = Debug|Any CPU
		{BB480818-0AC9-48C1-B850-656A3BEB3027}.Debug|Any CPU.Build.0 = Debug|Any CPU
		{BB480818-0AC9-48C1-B850-656A3BEB3027}.Release|Any CPU.ActiveCfg = Release|Any CPU
		{BB480818-0AC9-48C1-B850-656A3BEB3027}.Release|Any CPU.Build.0 = Release|Any CPU
		{E1C2E8DC-F210-40D5-B5C7-DBDB04EE3D31}.Debug|Any CPU.ActiveCfg = Debug|Any CPU
		{E1C2E8DC-F210-40D5-B5C7-DBDB04EE3D31}.Debug|Any CPU.Build.0 = Debug|Any CPU
		{E1C2E8DC-F210-40D5-B5C7-DBDB04EE3D31}.Release|Any CPU.ActiveCfg = Release|Any CPU
		{E1C2E8DC-F210-40D5-B5C7-DBDB04EE3D31}.Release|Any CPU.Build.0 = Release|Any CPU
		{E22A7794-CD09-4D23-8257-5C7C2698718D}.Debug|Any CPU.ActiveCfg = Debug|Any CPU
		{E22A7794-CD09-4D23-8257-5C7C2698718D}.Debug|Any CPU.Build.0 = Debug|Any CPU
		{E22A7794-CD09-4D23-8257-5C7C2698718D}.Release|Any CPU.ActiveCfg = Release|Any CPU
		{E22A7794-CD09-4D23-8257-5C7C2698718D}.Release|Any CPU.Build.0 = Release|Any CPU
		{988BF9AE-6781-414E-BB8C-68B6DC1C1044}.Debug|Any CPU.ActiveCfg = Debug|Any CPU
		{988BF9AE-6781-414E-BB8C-68B6DC1C1044}.Debug|Any CPU.Build.0 = Debug|Any CPU
		{988BF9AE-6781-414E-BB8C-68B6DC1C1044}.Release|Any CPU.ActiveCfg = Release|Any CPU
		{988BF9AE-6781-414E-BB8C-68B6DC1C1044}.Release|Any CPU.Build.0 = Release|Any CPU
		{86A8E0AE-8EA9-45EA-BB9A-36E04D072155}.Debug|Any CPU.ActiveCfg = Debug|Any CPU
		{86A8E0AE-8EA9-45EA-BB9A-36E04D072155}.Debug|Any CPU.Build.0 = Debug|Any CPU
		{86A8E0AE-8EA9-45EA-BB9A-36E04D072155}.Release|Any CPU.ActiveCfg = Debug|Any CPU
		{86A8E0AE-8EA9-45EA-BB9A-36E04D072155}.Release|Any CPU.Build.0 = Debug|Any CPU
	EndGlobalSection
	GlobalSection(SolutionProperties) = preSolution
		HideSolutionNode = FALSE
	EndGlobalSection
	GlobalSection(ExtensibilityGlobals) = postSolution
		SolutionGuid = {4C9FE181-A79E-4C11-B9A7-36F6E0FE3F59}
	EndGlobalSection
EndGlobal
